
Microsoft Visual Studio Solution File, Format Version 12.00
# Visual Studio Version 17
VisualStudioVersion = 17.7.34221.43
MinimumVisualStudioVersion = 10.0.40219.1
Project("{9A19103F-16F7-4668-BE54-9A1E7A4F7556}") = "CitiesWebsite", "CitiesWebsite\CitiesWebsite.csproj", "{F7284055-09A9-46E3-874C-E6613C6B28B0}"
EndProject
Global
	GlobalSection(SolutionConfigurationPlatforms) = preSolution
		Debug|Any CPU = Debug|Any CPU
		Release|Any CPU = Release|Any CPU
	EndGlobalSection
	GlobalSection(ProjectConfigurationPlatforms) = postSolution
		{F7284055-09A9-46E3-874C-E6613C6B28B0}.Debug|Any CPU.ActiveCfg = Debug|Any CPU
		{F7284055-09A9-46E3-874C-E6613C6B28B0}.Debug|Any CPU.Build.0 = Debug|Any CPU
		{F7284055-09A9-46E3-874C-E6613C6B28B0}.Release|Any CPU.ActiveCfg = Release|Any CPU
		{F7284055-09A9-46E3-874C-E6613C6B28B0}.Release|Any CPU.Build.0 = Release|Any CPU
	EndGlobalSection
	GlobalSection(SolutionProperties) = preSolution
		HideSolutionNode = FALSE
	EndGlobalSection
	GlobalSection(ExtensibilityGlobals) = postSolution
		SolutionGuid = {5BA8916D-CFCC-46B6-A49F-B85A562C282C}
	EndGlobalSection
EndGlobal
